
Microsoft Visual Studio Solution File, Format Version 12.00
# Visual Studio 15
VisualStudioVersion = 15.0.28307.779
MinimumVisualStudioVersion = 10.0.40219.1
Project("{FAE04EC0-301F-11D3-BF4B-00C04F79EFBC}") = "StudentManagerV2", "StudentManagerV2\StudentManagerV2.csproj", "{221015B2-1D23-4D1F-9D49-C4FD68A1BA49}"
EndProject
Global
	GlobalSection(SolutionConfigurationPlatforms) = preSolution
		Debug|Any CPU = Debug|Any CPU
		Release|Any CPU = Release|Any CPU
	EndGlobalSection
	GlobalSection(ProjectConfigurationPlatforms) = postSolution
		{221015B2-1D23-4D1F-9D49-C4FD68A1BA49}.Debug|Any CPU.ActiveCfg = Debug|Any CPU
		{221015B2-1D23-4D1F-9D49-C4FD68A1BA49}.Debug|Any CPU.Build.0 = Debug|Any CPU
		{221015B2-1D23-4D1F-9D49-C4FD68A1BA49}.Release|Any CPU.ActiveCfg = Release|Any CPU
		{221015B2-1D23-4D1F-9D49-C4FD68A1BA49}.Release|Any CPU.Build.0 = Release|Any CPU
	EndGlobalSection
	GlobalSection(SolutionProperties) = preSolution
		HideSolutionNode = FALSE
	EndGlobalSection
	GlobalSection(ExtensibilityGlobals) = postSolution
		SolutionGuid = {6512C6D1-0286-4F3E-ADE1-7A42C63DECF2}
	EndGlobalSection
EndGlobal
